<Solution>
  <Project Path="employeeAppService/employeeAppService.csproj" Id="8fa0377b-59b3-4646-9a79-6f7cdabd4399" />
  <Project Path="employeeDataService/employeeDataService.csproj" Id="e417b62f-005d-45bb-a272-f29665a4e579" />
  <Project Path="employeeInformation.csproj" />
  <Project Path="employeeModels/employeeModels.csproj" Id="14a9bd1e-93e2-4973-b57e-abe097cd3cef" />
</Solution>
