<Solution>
  <Project Path="../employeeAppService/employeeAppService.csproj" Id="d4f5be75-526e-4b8c-882d-7655c83756aa" />
  <Project Path="../employeeDataService/employeeDataService.csproj" Id="5e2d3b53-7ef1-4781-b38d-2c932f4d08b4" />
  <Project Path="../employeeModels/employeeModels.csproj" Id="e834784a-9c75-4292-bbf6-1a18dd1d5d47" />
  <Project Path="employeeInformation.csproj" />
</Solution>
